
Microsoft Visual Studio Solution File, Format Version 12.00
# Visual Studio Version 17
VisualStudioVersion = 17.5.33530.505
MinimumVisualStudioVersion = 10.0.40219.1
Project("{FAE04EC0-301F-11D3-BF4B-00C04F79EFBC}") = "0104SP", "0104SP\0104SP.csproj", "{D07FEEAE-6AA0-424C-A893-BFCC6B2FF20D}"
EndProject
Global
	GlobalSection(SolutionConfigurationPlatforms) = preSolution
		Debug|Any CPU = Debug|Any CPU
		Release|Any CPU = Release|Any CPU
	EndGlobalSection
	GlobalSection(ProjectConfigurationPlatforms) = postSolution
		{D07FEEAE-6AA0-424C-A893-BFCC6B2FF20D}.Debug|Any CPU.ActiveCfg = Debug|Any CPU
		{D07FEEAE-6AA0-424C-A893-BFCC6B2FF20D}.Debug|Any CPU.Build.0 = Debug|Any CPU
		{D07FEEAE-6AA0-424C-A893-BFCC6B2FF20D}.Release|Any CPU.ActiveCfg = Release|Any CPU
		{D07FEEAE-6AA0-424C-A893-BFCC6B2FF20D}.Release|Any CPU.Build.0 = Release|Any CPU
	EndGlobalSection
	GlobalSection(SolutionProperties) = preSolution
		HideSolutionNode = FALSE
	EndGlobalSection
	GlobalSection(ExtensibilityGlobals) = postSolution
		SolutionGuid = {02BC4635-C3CA-4747-A3BA-2B0925B55936}
	EndGlobalSection
EndGlobal
